// !$*UTF8*$!
{
	archiveVersion = 1;
	classes = {
	};
	objectVersion = 56;
	objects = {

/* Begin PBXBuildFile section */
		0A39349C29B5BF7C00E33E8C /* ThemeStore.swift in Sources */ = {isa = PBXBuildFile; fileRef = 0A39349B29B5BF7C00E33E8C /* ThemeStore.swift */; };
		0A39349E29B6FBDB00E33E8C /* ThemeChooser.swift in Sources */ = {isa = PBXBuildFile; fileRef = 0A39349D29B6FBDB00E33E8C /* ThemeChooser.swift */; };
		0ABFFDC1298D373900F55289 /* MemoryGame.swift in Sources */ = {isa = PBXBuildFile; fileRef = 0ABFFDC0298D373900F55289 /* MemoryGame.swift */; };
		0ABFFDC3298D396B00F55289 /* EmojiMemoryGame.swift in Sources */ = {isa = PBXBuildFile; fileRef = 0ABFFDC2298D396B00F55289 /* EmojiMemoryGame.swift */; };
		0AC054C42993F18A00E978F2 /* Pie.swift in Sources */ = {isa = PBXBuildFile; fileRef = 0AC054C32993F18A00E978F2 /* Pie.swift */; };
		0AC3BFA229827B5000159E7F /* MemorizeApp.swift in Sources */ = {isa = PBXBuildFile; fileRef = 0AC3BFA129827B5000159E7F /* MemorizeApp.swift */; };
		0AC3BFA429827B5000159E7F /* EmojiMemoryGameView.swift in Sources */ = {isa = PBXBuildFile; fileRef = 0AC3BFA329827B5000159E7F /* EmojiMemoryGameView.swift */; };
		0AC3BFA629827B5600159E7F /* Assets.xcassets in Resources */ = {isa = PBXBuildFile; fileRef = 0AC3BFA529827B5600159E7F /* Assets.xcassets */; };
		0AC3BFA929827B5600159E7F /* Preview Assets.xcassets in Resources */ = {isa = PBXBuildFile; fileRef = 0AC3BFA829827B5600159E7F /* Preview Assets.xcassets */; };
		0AE8078B299A15EB00B6063F /* Cardify.swift in Sources */ = {isa = PBXBuildFile; fileRef = 0AE8078A299A15EB00B6063F /* Cardify.swift */; };
		0AFE8E882993D6C90067C2C3 /* AspectVGrid.swift in Sources */ = {isa = PBXBuildFile; fileRef = 0AFE8E872993D6C90067C2C3 /* AspectVGrid.swift */; };
/* End PBXBuildFile section */

/* Begin PBXFileReference section */
		0A39349B29B5BF7C00E33E8C /* ThemeStore.swift */ = {isa = PBXFileReference; lastKnownFileType = sourcecode.swift; path = ThemeStore.swift; sourceTree = "<group>"; };
		0A39349D29B6FBDB00E33E8C /* ThemeChooser.swift */ = {isa = PBXFileReference; lastKnownFileType = sourcecode.swift; path = ThemeChooser.swift; sourceTree = "<group>"; };
		0ABFFDC0298D373900F55289 /* MemoryGame.swift */ = {isa = PBXFileReference; lastKnownFileType = sourcecode.swift; path = MemoryGame.swift; sourceTree = "<group>"; };
		0ABFFDC2298D396B00F55289 /* EmojiMemoryGame.swift */ = {isa = PBXFileReference; lastKnownFileType = sourcecode.swift; path = EmojiMemoryGame.swift; sourceTree = "<group>"; };
		0AC054C32993F18A00E978F2 /* Pie.swift */ = {isa = PBXFileReference; lastKnownFileType = sourcecode.swift; path = Pie.swift; sourceTree = "<group>"; };
		0AC3BF9E29827B5000159E7F /* Memorize.app */ = {isa = PBXFileReference; explicitFileType = wrapper.application; includeInIndex = 0; path = Memorize.app; sourceTree = BUILT_PRODUCTS_DIR; };
		0AC3BFA129827B5000159E7F /* MemorizeApp.swift */ = {isa = PBXFileReference; lastKnownFileType = sourcecode.swift; path = MemorizeApp.swift; sourceTree = "<group>"; };
		0AC3BFA329827B5000159E7F /* EmojiMemoryGameView.swift */ = {isa = PBXFileReference; lastKnownFileType = sourcecode.swift; path = EmojiMemoryGameView.swift; sourceTree = "<group>"; };
		0AC3BFA529827B5600159E7F /* Assets.xcassets */ = {isa = PBXFileReference; lastKnownFileType = folder.assetcatalog; path = Assets.xcassets; sourceTree = "<group>"; };
		0AC3BFA829827B5600159E7F /* Preview Assets.xcassets */ = {isa = PBXFileReference; lastKnownFileType = folder.assetcatalog; path = "Preview Assets.xcassets"; sourceTree = "<group>"; };
		0AE8078A299A15EB00B6063F /* Cardify.swift */ = {isa = PBXFileReference; lastKnownFileType = sourcecode.swift; path = Cardify.swift; sourceTree = "<group>"; };
		0AFE8E872993D6C90067C2C3 /* AspectVGrid.swift */ = {isa = PBXFileReference; lastKnownFileType = sourcecode.swift; path = AspectVGrid.swift; sourceTree = "<group>"; };
/* End PBXFileReference section */

/* Begin PBXFrameworksBuildPhase section */
		0AC3BF9B29827B5000159E7F /* Frameworks */ = {
			isa = PBXFrameworksBuildPhase;
			buildActionMask = 2147483647;
			files = (
			);
			runOnlyForDeploymentPostprocessing = 0;
		};
/* End PBXFrameworksBuildPhase section */

/* Begin PBXGroup section */
		0A39349829B5BF0D00E33E8C /* Model */ = {
			isa = PBXGroup;
			children = (
				0ABFFDC0298D373900F55289 /* MemoryGame.swift */,
			);
			path = Model;
			sourceTree = "<group>";
		};
		0A39349929B5BF1A00E33E8C /* ViewModel */ = {
			isa = PBXGroup;
			children = (
				0ABFFDC2298D396B00F55289 /* EmojiMemoryGame.swift */,
				0A39349B29B5BF7C00E33E8C /* ThemeStore.swift */,
			);
			path = ViewModel;
			sourceTree = "<group>";
		};
		0A39349A29B5BF4600E33E8C /* View */ = {
			isa = PBXGroup;
			children = (
				0AC3BFA329827B5000159E7F /* EmojiMemoryGameView.swift */,
				0A39349D29B6FBDB00E33E8C /* ThemeChooser.swift */,
				0AC054C32993F18A00E978F2 /* Pie.swift */,
				0AE8078A299A15EB00B6063F /* Cardify.swift */,
				0AFE8E872993D6C90067C2C3 /* AspectVGrid.swift */,
			);
			path = View;
			sourceTree = "<group>";
		};
		0AC3BF9529827B5000159E7F = {
			isa = PBXGroup;
			children = (
				0AC3BFA029827B5000159E7F /* Memorize */,
				0AC3BF9F29827B5000159E7F /* Products */,
			);
			sourceTree = "<group>";
		};
		0AC3BF9F29827B5000159E7F /* Products */ = {
			isa = PBXGroup;
			children = (
				0AC3BF9E29827B5000159E7F /* Memorize.app */,
			);
			name = Products;
			sourceTree = "<group>";
		};
		0AC3BFA029827B5000159E7F /* Memorize */ = {
			isa = PBXGroup;
			children = (
				0AC3BFA129827B5000159E7F /* MemorizeApp.swift */,
				0A39349829B5BF0D00E33E8C /* Model */,
				0A39349929B5BF1A00E33E8C /* ViewModel */,
				0A39349A29B5BF4600E33E8C /* View */,
				0AC3BFA529827B5600159E7F /* Assets.xcassets */,
				0AC3BFA729827B5600159E7F /* Preview Content */,
			);
			path = Memorize;
			sourceTree = "<group>";
		};
		0AC3BFA729827B5600159E7F /* Preview Content */ = {
			isa = PBXGroup;
			children = (
				0AC3BFA829827B5600159E7F /* Preview Assets.xcassets */,
			);
			path = "Preview Content";
			sourceTree = "<group>";
		};
/* End PBXGroup section */

/* Begin PBXNativeTarget section */
		0AC3BF9D29827B5000159E7F /* Memorize */ = {
			isa = PBXNativeTarget;
			buildConfigurationList = 0AC3BFAC29827B5600159E7F /* Build configuration list for PBXNativeTarget "Memorize" */;
			buildPhases = (
				0AC3BF9A29827B5000159E7F /* Sources */,
				0AC3BF9B29827B5000159E7F /* Frameworks */,
				0AC3BF9C29827B5000159E7F /* Resources */,
			);
			buildRules = (
			);
			dependencies = (
			);
			name = Memorize;
			productName = Memorize;
			productReference = 0AC3BF9E29827B5000159E7F /* Memorize.app */;
			productType = "com.apple.product-type.application";
		};
/* End PBXNativeTarget section */

/* Begin PBXProject section */
		0AC3BF9629827B5000159E7F /* Project object */ = {
			isa = PBXProject;
			attributes = {
				BuildIndependentTargetsInParallel = 1;
				LastSwiftUpdateCheck = 1420;
				LastUpgradeCheck = 1420;
				TargetAttributes = {
					0AC3BF9D29827B5000159E7F = {
						CreatedOnToolsVersion = 14.2;
					};
				};
			};
			buildConfigurationList = 0AC3BF9929827B5000159E7F /* Build configuration list for PBXProject "Memorize" */;
			compatibilityVersion = "Xcode 14.0";
			developmentRegion = en;
			hasScannedForEncodings = 0;
			knownRegions = (
				en,
				Base,
			);
			mainGroup = 0AC3BF9529827B5000159E7F;
			productRefGroup = 0AC3BF9F29827B5000159E7F /* Products */;
			projectDirPath = "";
			projectRoot = "";
			targets = (
				0AC3BF9D29827B5000159E7F /* Memorize */,
			);
		};
/* End PBXProject section */

/* Begin PBXResourcesBuildPhase section */
		0AC3BF9C29827B5000159E7F /* Resources */ = {
			isa = PBXResourcesBuildPhase;
			buildActionMask = 2147483647;
			files = (
				0AC3BFA929827B5600159E7F /* Preview Assets.xcassets in Resources */,
				0AC3BFA629827B5600159E7F /* Assets.xcassets in Resources */,
			);
			runOnlyForDeploymentPostprocessing = 0;
		};
/* End PBXResourcesBuildPhase section */

/* Begin PBXSourcesBuildPhase section */
		0AC3BF9A29827B5000159E7F /* Sources */ = {
			isa = PBXSourcesBuildPhase;
			buildActionMask = 2147483647;
			files = (
				0AC054C42993F18A00E978F2 /* Pie.swift in Sources */,
				0A39349E29B6FBDB00E33E8C /* ThemeChooser.swift in Sources */,
				0AE8078B299A15EB00B6063F /* Cardify.swift in Sources */,
				0ABFFDC1298D373900F55289 /* MemoryGame.swift in Sources */,
				0A39349C29B5BF7C00E33E8C /* ThemeStore.swift in Sources */,
				0AC3BFA429827B5000159E7F /* EmojiMemoryGameView.swift in Sources */,
				0AC3BFA229827B5000159E7F /* MemorizeApp.swift in Sources */,
				0AFE8E882993D6C90067C2C3 /* AspectVGrid.swift in Sources */,
				0ABFFDC3298D396B00F55289 /* EmojiMemoryGame.swift in Sources */,
			);
			runOnlyForDeploymentPostprocessing = 0;
		};
/* End PBXSourcesBuildPhase section */

/* Begin XCBuildConfiguration section */
		0AC3BFAA29827B5600159E7F /* Debug */ = {
			isa = XCBuildConfiguration;
			buildSettings = {
				ALWAYS_SEARCH_USER_PATHS = NO;
				CLANG_ANALYZER_NONNULL = YES;
				CLANG_ANALYZER_NUMBER_OBJECT_CONVERSION = YES_AGGRESSIVE;
				CLANG_CXX_LANGUAGE_STANDARD = "gnu++20";
				CLANG_ENABLE_MODULES = YES;
				CLANG_ENABLE_OBJC_ARC = YES;
				CLANG_ENABLE_OBJC_WEAK = YES;
				CLANG_WARN_BLOCK_CAPTURE_AUTORELEASING = YES;
				CLANG_WARN_BOOL_CONVERSION = YES;
				CLANG_WARN_COMMA = YES;
				CLANG_WARN_CONSTANT_CONVERSION = YES;
				CLANG_WARN_DEPRECATED_OBJC_IMPLEMENTATIONS = YES;
				CLANG_WARN_DIRECT_OBJC_ISA_USAGE = YES_ERROR;
				CLANG_WARN_DOCUMENTATION_COMMENTS = YES;
				CLANG_WARN_EMPTY_BODY = YES;
				CLANG_WARN_ENUM_CONVERSION = YES;
				CLANG_WARN_INFINITE_RECURSION = YES;
				CLANG_WARN_INT_CONVERSION = YES;
				CLANG_WARN_NON_LITERAL_NULL_CONVERSION = YES;
				CLANG_WARN_OBJC_IMPLICIT_RETAIN_SELF = YES;
				CLANG_WARN_OBJC_LITERAL_CONVERSION = YES;
				CLANG_WARN_OBJC_ROOT_CLASS = YES_ERROR;
				CLANG_WARN_QUOTED_INCLUDE_IN_FRAMEWORK_HEADER = YES;
				CLANG_WARN_RANGE_LOOP_ANALYSIS = YES;
				CLANG_WARN_STRICT_PROTOTYPES = YES;
				CLANG_WARN_SUSPICIOUS_MOVE = YES;
				CLANG_WARN_UNGUARDED_AVAILABILITY = YES_AGGRESSIVE;
				CLANG_WARN_UNREACHABLE_CODE = YES;
				CLANG_WARN__DUPLICATE_METHOD_MATCH = YES;
				COPY_PHASE_STRIP = NO;
				DEBUG_INFORMATION_FORMAT = dwarf;
				ENABLE_STRICT_OBJC_MSGSEND = YES;
				ENABLE_TESTABILITY = YES;
				GCC_C_LANGUAGE_STANDARD = gnu11;
				GCC_DYNAMIC_NO_PIC = NO;
				GCC_NO_COMMON_BLOCKS = YES;
				GCC_OPTIMIZATION_LEVEL = 0;
				GCC_PREPROCESSOR_DEFINITIONS = (
					"DEBUG=1",
					"$(inherited)",
				);
				GCC_WARN_64_TO_32_BIT_CONVERSION = YES;
				GCC_WARN_ABOUT_RETURN_TYPE = YES_ERROR;
				GCC_WARN_UNDECLARED_SELECTOR = YES;
				GCC_WARN_UNINITIALIZED_AUTOS = YES_AGGRESSIVE;
				GCC_WARN_UNUSED_FUNCTION = YES;
				GCC_WARN_UNUSED_VARIABLE = YES;
				IPHONEOS_DEPLOYMENT_TARGET = 16.2;
				MTL_ENABLE_DEBUG_INFO = INCLUDE_SOURCE;
				MTL_FAST_MATH = YES;
				ONLY_ACTIVE_ARCH = YES;
				SDKROOT = iphoneos;
				SWIFT_ACTIVE_COMPILATION_CONDITIONS = DEBUG;
				SWIFT_OPTIMIZATION_LEVEL = "-Onone";
			};
			name = Debug;
		};
		0AC3BFAB29827B5600159E7F /* Release */ = {
			isa = XCBuildConfiguration;
			buildSettings = {
				ALWAYS_SEARCH_USER_PATHS = NO;
				CLANG_ANALYZER_NONNULL = YES;
				CLANG_ANALYZER_NUMBER_OBJECT_CONVERSION = YES_AGGRESSIVE;
				CLANG_CXX_LANGUAGE_STANDARD = "gnu++20";
				CLANG_ENABLE_MODULES = YES;
				CLANG_ENABLE_OBJC_ARC = YES;
				CLANG_ENABLE_OBJC_WEAK = YES;
				CLANG_WARN_BLOCK_CAPTURE_AUTORELEASING = YES;
				CLANG_WARN_BOOL_CONVERSION = YES;
				CLANG_WARN_COMMA = YES;
				CLANG_WARN_CONSTANT_CONVERSION = YES;
				CLANG_WARN_DEPRECATED_OBJC_IMPLEMENTATIONS = YES;
				CLANG_WARN_DIRECT_OBJC_ISA_USAGE = YES_ERROR;
				CLANG_WARN_DOCUMENTATION_COMMENTS = YES;
				CLANG_WARN_EMPTY_BODY = YES;
				CLANG_WARN_ENUM_CONVERSION = YES;
				CLANG_WARN_INFINITE_RECURSION = YES;
				CLANG_WARN_INT_CONVERSION = YES;
				CLANG_WARN_NON_LITERAL_NULL_CONVERSION = YES;
				CLANG_WARN_OBJC_IMPLICIT_RETAIN_SELF = YES;
				CLANG_WARN_OBJC_LITERAL_CONVERSION = YES;
				CLANG_WARN_OBJC_ROOT_CLASS = YES_ERROR;
				CLANG_WARN_QUOTED_INCLUDE_IN_FRAMEWORK_HEADER = YES;
				CLANG_WARN_RANGE_LOOP_ANALYSIS = YES;
				CLANG_WARN_STRICT_PROTOTYPES = YES;
				CLANG_WARN_SUSPICIOUS_MOVE = YES;
				CLANG_WARN_UNGUARDED_AVAILABILITY = YES_AGGRESSIVE;
				CLANG_WARN_UNREACHABLE_CODE = YES;
				CLANG_WARN__DUPLICATE_METHOD_MATCH = YES;
				COPY_PHASE_STRIP = NO;
				DEBUG_INFORMATION_FORMAT = "dwarf-with-dsym";
				ENABLE_NS_ASSERTIONS = NO;
				ENABLE_STRICT_OBJC_MSGSEND = YES;
				GCC_C_LANGUAGE_STANDARD = gnu11;
				GCC_NO_COMMON_BLOCKS = YES;
				GCC_WARN_64_TO_32_BIT_CONVERSION = YES;
				GCC_WARN_ABOUT_RETURN_TYPE = YES_ERROR;
				GCC_WARN_UNDECLARED_SELECTOR = YES;
				GCC_WARN_UNINITIALIZED_AUTOS = YES_AGGRESSIVE;
				GCC_WARN_UNUSED_FUNCTION = YES;
				GCC_WARN_UNUSED_VARIABLE = YES;
				IPHONEOS_DEPLOYMENT_TARGET = 16.2;
				MTL_ENABLE_DEBUG_INFO = NO;
				MTL_FAST_MATH = YES;
				SDKROOT = iphoneos;
				SWIFT_COMPILATION_MODE = wholemodule;
				SWIFT_OPTIMIZATION_LEVEL = "-O";
				VALIDATE_PRODUCT = YES;
			};
			name = Release;
		};
		0AC3BFAD29827B5600159E7F /* Debug */ = {
			isa = XCBuildConfiguration;
			buildSettings = {
				ASSETCATALOG_COMPILER_APPICON_NAME = AppIcon;
				ASSETCATALOG_COMPILER_GLOBAL_ACCENT_COLOR_NAME = AccentColor;
				CODE_SIGN_STYLE = Automatic;
				CURRENT_PROJECT_VERSION = 1;
				DEVELOPMENT_ASSET_PATHS = "\"Memorize/Preview Content\"";
				DEVELOPMENT_TEAM = 6ZXZ4ZUWPY;
				ENABLE_PREVIEWS = YES;
				GENERATE_INFOPLIST_FILE = YES;
				INFOPLIST_KEY_UIApplicationSceneManifest_Generation = YES;
				INFOPLIST_KEY_UIApplicationSupportsIndirectInputEvents = YES;
				INFOPLIST_KEY_UILaunchScreen_Generation = YES;
				INFOPLIST_KEY_UISupportedInterfaceOrientations_iPad = "UIInterfaceOrientationPortrait UIInterfaceOrientationPortraitUpsideDown UIInterfaceOrientationLandscapeLeft UIInterfaceOrientationLandscapeRight";
				INFOPLIST_KEY_UISupportedInterfaceOrientations_iPhone = "UIInterfaceOrientationPortrait UIInterfaceOrientationLandscapeLeft UIInterfaceOrientationLandscapeRight";
				LD_RUNPATH_SEARCH_PATHS = (
					"$(inherited)",
					"@executable_path/Frameworks",
				);
				MARKETING_VERSION = 1.0;
				PRODUCT_BUNDLE_IDENTIFIER = com.joonyung.Memorize;
				PRODUCT_NAME = "$(TARGET_NAME)";
				SWIFT_EMIT_LOC_STRINGS = YES;
				SWIFT_VERSION = 5.0;
				TARGETED_DEVICE_FAMILY = "1,2";
			};
			name = Debug;
		};
		0AC3BFAE29827B5600159E7F /* Release */ = {
			isa = XCBuildConfiguration;
			buildSettings = {
				ASSETCATALOG_COMPILER_APPICON_NAME = AppIcon;
				ASSETCATALOG_COMPILER_GLOBAL_ACCENT_COLOR_NAME = AccentColor;
				CODE_SIGN_STYLE = Automatic;
				CURRENT_PROJECT_VERSION = 1;
				DEVELOPMENT_ASSET_PATHS = "\"Memorize/Preview Content\"";
				DEVELOPMENT_TEAM = 6ZXZ4ZUWPY;
				ENABLE_PREVIEWS = YES;
				GENERATE_INFOPLIST_FILE = YES;
				INFOPLIST_KEY_UIApplicationSceneManifest_Generation = YES;
				INFOPLIST_KEY_UIApplicationSupportsIndirectInputEvents = YES;
				INFOPLIST_KEY_UILaunchScreen_Generation = YES;
				INFOPLIST_KEY_UISupportedInterfaceOrientations_iPad = "UIInterfaceOrientationPortrait UIInterfaceOrientationPortraitUpsideDown UIInterfaceOrientationLandscapeLeft UIInterfaceOrientationLandscapeRight";
				INFOPLIST_KEY_UISupportedInterfaceOrientations_iPhone = "UIInterfaceOrientationPortrait UIInterfaceOrientationLandscapeLeft UIInterfaceOrientationLandscapeRight";
				LD_RUNPATH_SEARCH_PATHS = (
					"$(inherited)",
					"@executable_path/Frameworks",
				);
				MARKETING_VERSION = 1.0;
				PRODUCT_BUNDLE_IDENTIFIER = com.joonyung.Memorize;
				PRODUCT_NAME = "$(TARGET_NAME)";
				SWIFT_EMIT_LOC_STRINGS = YES;
				SWIFT_VERSION = 5.0;
				TARGETED_DEVICE_FAMILY = "1,2";
			};
			name = Release;
		};
/* End XCBuildConfiguration section */

/* Begin XCConfigurationList section */
		0AC3BF9929827B5000159E7F /* Build configuration list for PBXProject "Memorize" */ = {
			isa = XCConfigurationList;
			buildConfigurations = (
				0AC3BFAA29827B5600159E7F /* Debug */,
				0AC3BFAB29827B5600159E7F /* Release */,
			);
			defaultConfigurationIsVisible = 0;
			defaultConfigurationName = Release;
		};
		0AC3BFAC29827B5600159E7F /* Build configuration list for PBXNativeTarget "Memorize" */ = {
			isa = XCConfigurationList;
			buildConfigurations = (
				0AC3BFAD29827B5600159E7F /* Debug */,
				0AC3BFAE29827B5600159E7F /* Release */,
			);
			defaultConfigurationIsVisible = 0;
			defaultConfigurationName = Release;
		};
/* End XCConfigurationList section */
	};
	rootObject = 0AC3BF9629827B5000159E7F /* Project object */;
}
